// !$*UTF8*$!
{
	archiveVersion = 1;
	classes = {
	};
	objectVersion = 46;
	objects = {

/* Begin PBXBuildFile section */
		A1C6EA3F1EAE295E0080EF33 /* main.m in Sources */ = {isa = PBXBuildFile; fileRef = A1C6EA3E1EAE295E0080EF33 /* main.m */; };
		A1C6EA421EAE295E0080EF33 /* AppDelegate.m in Sources */ = {isa = PBXBuildFile; fileRef = A1C6EA411EAE295E0080EF33 /* AppDelegate.m */; };
		A1C6EA451EAE295E0080EF33 /* ViewController.m in Sources */ = {isa = PBXBuildFile; fileRef = A1C6EA441EAE295E0080EF33 /* ViewController.m */; };
		A1C6EA481EAE295E0080EF33 /* Main.storyboard in Resources */ = {isa = PBXBuildFile; fileRef = A1C6EA461EAE295E0080EF33 /* Main.storyboard */; };
		A1C6EA4A1EAE295E0080EF33 /* Assets.xcassets in Resources */ = {isa = PBXBuildFile; fileRef = A1C6EA491EAE295E0080EF33 /* Assets.xcassets */; };
		A1C6EA4D1EAE295E0080EF33 /* LaunchScreen.storyboard in Resources */ = {isa = PBXBuildFile; fileRef = A1C6EA4B1EAE295E0080EF33 /* LaunchScreen.storyboard */; };
		A1C6EA581EAE295E0080EF33 /* SQGL_custom_textureDemoTests.m in Sources */ = {isa = PBXBuildFile; fileRef = A1C6EA571EAE295E0080EF33 /* SQGL_custom_textureDemoTests.m */; };
		A1C6EA631EAE295E0080EF33 /* SQGL_custom_textureDemoUITests.m in Sources */ = {isa = PBXBuildFile; fileRef = A1C6EA621EAE295E0080EF33 /* SQGL_custom_textureDemoUITests.m */; };
/* End PBXBuildFile section */

/* Begin PBXContainerItemProxy section */
		A1C6EA541EAE295E0080EF33 /* PBXContainerItemProxy */ = {
			isa = PBXContainerItemProxy;
			containerPortal = A1C6EA321EAE295E0080EF33 /* Project object */;
			proxyType = 1;
			remoteGlobalIDString = A1C6EA391EAE295E0080EF33;
			remoteInfo = SQGL_custom_textureDemo;
		};
		A1C6EA5F1EAE295E0080EF33 /* PBXContainerItemProxy */ = {
			isa = PBXContainerItemProxy;
			containerPortal = A1C6EA321EAE295E0080EF33 /* Project object */;
			proxyType = 1;
			remoteGlobalIDString = A1C6EA391EAE295E0080EF33;
			remoteInfo = SQGL_custom_textureDemo;
		};
/* End PBXContainerItemProxy section */

/* Begin PBXFileReference section */
		A1C6EA3A1EAE295E0080EF33 /* SQGL_custom_textureDemo.app */ = {isa = PBXFileReference; explicitFileType = wrapper.application; includeInIndex = 0; path = SQGL_custom_textureDemo.app; sourceTree = BUILT_PRODUCTS_DIR; };
		A1C6EA3E1EAE295E0080EF33 /* main.m */ = {isa = PBXFileReference; lastKnownFileType = sourcecode.c.objc; path = main.m; sourceTree = "<group>"; };
		A1C6EA401EAE295E0080EF33 /* AppDelegate.h */ = {isa = PBXFileReference; lastKnownFileType = sourcecode.c.h; path = AppDelegate.h; sourceTree = "<group>"; };
		A1C6EA411EAE295E0080EF33 /* AppDelegate.m */ = {isa = PBXFileReference; lastKnownFileType = sourcecode.c.objc; path = AppDelegate.m; sourceTree = "<group>"; };
		A1C6EA431EAE295E0080EF33 /* ViewController.h */ = {isa = PBXFileReference; lastKnownFileType = sourcecode.c.h; path = ViewController.h; sourceTree = "<group>"; };
		A1C6EA441EAE295E0080EF33 /* ViewController.m */ = {isa = PBXFileReference; lastKnownFileType = sourcecode.c.objc; path = ViewController.m; sourceTree = "<group>"; };
		A1C6EA471EAE295E0080EF33 /* Base */ = {isa = PBXFileReference; lastKnownFileType = file.storyboard; name = Base; path = Base.lproj/Main.storyboard; sourceTree = "<group>"; };
		A1C6EA491EAE295E0080EF33 /* Assets.xcassets */ = {isa = PBXFileReference; lastKnownFileType = folder.assetcatalog; path = Assets.xcassets; sourceTree = "<group>"; };
		A1C6EA4C1EAE295E0080EF33 /* Base */ = {isa = PBXFileReference; lastKnownFileType = file.storyboard; name = Base; path = Base.lproj/LaunchScreen.storyboard; sourceTree = "<group>"; };
		A1C6EA4E1EAE295E0080EF33 /* Info.plist */ = {isa = PBXFileReference; lastKnownFileType = text.plist.xml; path = Info.plist; sourceTree = "<group>"; };
		A1C6EA531EAE295E0080EF33 /* SQGL_custom_textureDemoTests.xctest */ = {isa = PBXFileReference; explicitFileType = wrapper.cfbundle; includeInIndex = 0; path = SQGL_custom_textureDemoTests.xctest; sourceTree = BUILT_PRODUCTS_DIR; };
		A1C6EA571EAE295E0080EF33 /* SQGL_custom_textureDemoTests.m */ = {isa = PBXFileReference; lastKnownFileType = sourcecode.c.objc; path = SQGL_custom_textureDemoTests.m; sourceTree = "<group>"; };
		A1C6EA591EAE295E0080EF33 /* Info.plist */ = {isa = PBXFileReference; lastKnownFileType = text.plist.xml; path = Info.plist; sourceTree = "<group>"; };
		A1C6EA5E1EAE295E0080EF33 /* SQGL_custom_textureDemoUITests.xctest */ = {isa = PBXFileReference; explicitFileType = wrapper.cfbundle; includeInIndex = 0; path = SQGL_custom_textureDemoUITests.xctest; sourceTree = BUILT_PRODUCTS_DIR; };
		A1C6EA621EAE295E0080EF33 /* SQGL_custom_textureDemoUITests.m */ = {isa = PBXFileReference; lastKnownFileType = sourcecode.c.objc; path = SQGL_custom_textureDemoUITests.m; sourceTree = "<group>"; };
		A1C6EA641EAE295E0080EF33 /* Info.plist */ = {isa = PBXFileReference; lastKnownFileType = text.plist.xml; path = Info.plist; sourceTree = "<group>"; };
/* End PBXFileReference section */

/* Begin PBXFrameworksBuildPhase section */
		A1C6EA371EAE295E0080EF33 /* Frameworks */ = {
			isa = PBXFrameworksBuildPhase;
			buildActionMask = 2147483647;
			files = (
			);
			runOnlyForDeploymentPostprocessing = 0;
		};
		A1C6EA501EAE295E0080EF33 /* Frameworks */ = {
			isa = PBXFrameworksBuildPhase;
			buildActionMask = 2147483647;
			files = (
			);
			runOnlyForDeploymentPostprocessing = 0;
		};
		A1C6EA5B1EAE295E0080EF33 /* Frameworks */ = {
			isa = PBXFrameworksBuildPhase;
			buildActionMask = 2147483647;
			files = (
			);
			runOnlyForDeploymentPostprocessing = 0;
		};
/* End PBXFrameworksBuildPhase section */

/* Begin PBXGroup section */
		A1C6EA311EAE295E0080EF33 = {
			isa = PBXGroup;
			children = (
				A1C6EA3C1EAE295E0080EF33 /* SQGL_custom_textureDemo */,
				A1C6EA561EAE295E0080EF33 /* SQGL_custom_textureDemoTests */,
				A1C6EA611EAE295E0080EF33 /* SQGL_custom_textureDemoUITests */,
				A1C6EA3B1EAE295E0080EF33 /* Products */,
			);
			sourceTree = "<group>";
		};
		A1C6EA3B1EAE295E0080EF33 /* Products */ = {
			isa = PBXGroup;
			children = (
				A1C6EA3A1EAE295E0080EF33 /* SQGL_custom_textureDemo.app */,
				A1C6EA531EAE295E0080EF33 /* SQGL_custom_textureDemoTests.xctest */,
				A1C6EA5E1EAE295E0080EF33 /* SQGL_custom_textureDemoUITests.xctest */,
			);
			name = Products;
			sourceTree = "<group>";
		};
		A1C6EA3C1EAE295E0080EF33 /* SQGL_custom_textureDemo */ = {
			isa = PBXGroup;
			children = (
				A1C6EA401EAE295E0080EF33 /* AppDelegate.h */,
				A1C6EA411EAE295E0080EF33 /* AppDelegate.m */,
				A1C6EA431EAE295E0080EF33 /* ViewController.h */,
				A1C6EA441EAE295E0080EF33 /* ViewController.m */,
				A1C6EA461EAE295E0080EF33 /* Main.storyboard */,
				A1C6EA491EAE295E0080EF33 /* Assets.xcassets */,
				A1C6EA4B1EAE295E0080EF33 /* LaunchScreen.storyboard */,
				A1C6EA4E1EAE295E0080EF33 /* Info.plist */,
				A1C6EA3D1EAE295E0080EF33 /* Supporting Files */,
			);
			path = SQGL_custom_textureDemo;
			sourceTree = "<group>";
		};
		A1C6EA3D1EAE295E0080EF33 /* Supporting Files */ = {
			isa = PBXGroup;
			children = (
				A1C6EA3E1EAE295E0080EF33 /* main.m */,
			);
			name = "Supporting Files";
			sourceTree = "<group>";
		};
		A1C6EA561EAE295E0080EF33 /* SQGL_custom_textureDemoTests */ = {
			isa = PBXGroup;
			children = (
				A1C6EA571EAE295E0080EF33 /* SQGL_custom_textureDemoTests.m */,
				A1C6EA591EAE295E0080EF33 /* Info.plist */,
			);
			path = SQGL_custom_textureDemoTests;
			sourceTree = "<group>";
		};
		A1C6EA611EAE295E0080EF33 /* SQGL_custom_textureDemoUITests */ = {
			isa = PBXGroup;
			children = (
				A1C6EA621EAE295E0080EF33 /* SQGL_custom_textureDemoUITests.m */,
				A1C6EA641EAE295E0080EF33 /* Info.plist */,
			);
			path = SQGL_custom_textureDemoUITests;
			sourceTree = "<group>";
		};
/* End PBXGroup section */

/* Begin PBXNativeTarget section */
		A1C6EA391EAE295E0080EF33 /* SQGL_custom_textureDemo */ = {
			isa = PBXNativeTarget;
			buildConfigurationList = A1C6EA671EAE295E0080EF33 /* Build configuration list for PBXNativeTarget "SQGL_custom_textureDemo" */;
			buildPhases = (
				A1C6EA361EAE295E0080EF33 /* Sources */,
				A1C6EA371EAE295E0080EF33 /* Frameworks */,
				A1C6EA381EAE295E0080EF33 /* Resources */,
			);
			buildRules = (
			);
			dependencies = (
			);
			name = SQGL_custom_textureDemo;
			productName = SQGL_custom_textureDemo;
			productReference = A1C6EA3A1EAE295E0080EF33 /* SQGL_custom_textureDemo.app */;
			productType = "com.apple.product-type.application";
		};
		A1C6EA521EAE295E0080EF33 /* SQGL_custom_textureDemoTests */ = {
			isa = PBXNativeTarget;
			buildConfigurationList = A1C6EA6A1EAE295E0080EF33 /* Build configuration list for PBXNativeTarget "SQGL_custom_textureDemoTests" */;
			buildPhases = (
				A1C6EA4F1EAE295E0080EF33 /* Sources */,
				A1C6EA501EAE295E0080EF33 /* Frameworks */,
				A1C6EA511EAE295E0080EF33 /* Resources */,
			);
			buildRules = (
			);
			dependencies = (
				A1C6EA551EAE295E0080EF33 /* PBXTargetDependency */,
			);
			name = SQGL_custom_textureDemoTests;
			productName = SQGL_custom_textureDemoTests;
			productReference = A1C6EA531EAE295E0080EF33 /* SQGL_custom_textureDemoTests.xctest */;
			productType = "com.apple.product-type.bundle.unit-test";
		};
		A1C6EA5D1EAE295E0080EF33 /* SQGL_custom_textureDemoUITests */ = {
			isa = PBXNativeTarget;
			buildConfigurationList = A1C6EA6D1EAE295E0080EF33 /* Build configuration list for PBXNativeTarget "SQGL_custom_textureDemoUITests" */;
			buildPhases = (
				A1C6EA5A1EAE295E0080EF33 /* Sources */,
				A1C6EA5B1EAE295E0080EF33 /* Frameworks */,
				A1C6EA5C1EAE295E0080EF33 /* Resources */,
			);
			buildRules = (
			);
			dependencies = (
				A1C6EA601EAE295E0080EF33 /* PBXTargetDependency */,
			);
			name = SQGL_custom_textureDemoUITests;
			productName = SQGL_custom_textureDemoUITests;
			productReference = A1C6EA5E1EAE295E0080EF33 /* SQGL_custom_textureDemoUITests.xctest */;
			productType = "com.apple.product-type.bundle.ui-testing";
		};
/* End PBXNativeTarget section */

/* Begin PBXProject section */
		A1C6EA321EAE295E0080EF33 /* Project object */ = {
			isa = PBXProject;
			attributes = {
				LastUpgradeCheck = 0830;
				ORGANIZATIONNAME = qbshen;
				TargetAttributes = {
					A1C6EA391EAE295E0080EF33 = {
						CreatedOnToolsVersion = 8.3.1;
						ProvisioningStyle = Automatic;
					};
					A1C6EA521EAE295E0080EF33 = {
						CreatedOnToolsVersion = 8.3.1;
						ProvisioningStyle = Automatic;
						TestTargetID = A1C6EA391EAE295E0080EF33;
					};
					A1C6EA5D1EAE295E0080EF33 = {
						CreatedOnToolsVersion = 8.3.1;
						ProvisioningStyle = Automatic;
						TestTargetID = A1C6EA391EAE295E0080EF33;
					};
				};
			};
			buildConfigurationList = A1C6EA351EAE295E0080EF33 /* Build configuration list for PBXProject "SQGL_custom_textureDemo" */;
			compatibilityVersion = "Xcode 3.2";
			developmentRegion = English;
			hasScannedForEncodings = 0;
			knownRegions = (
				en,
				Base,
			);
			mainGroup = A1C6EA311EAE295E0080EF33;
			productRefGroup = A1C6EA3B1EAE295E0080EF33 /* Products */;
			projectDirPath = "";
			projectRoot = "";
			targets = (
				A1C6EA391EAE295E0080EF33 /* SQGL_custom_textureDemo */,
				A1C6EA521EAE295E0080EF33 /* SQGL_custom_textureDemoTests */,
				A1C6EA5D1EAE295E0080EF33 /* SQGL_custom_textureDemoUITests */,
			);
		};
/* End PBXProject section */

/* Begin PBXResourcesBuildPhase section */
		A1C6EA381EAE295E0080EF33 /* Resources */ = {
			isa = PBXResourcesBuildPhase;
			buildActionMask = 2147483647;
			files = (
				A1C6EA4D1EAE295E0080EF33 /* LaunchScreen.storyboard in Resources */,
				A1C6EA4A1EAE295E0080EF33 /* Assets.xcassets in Resources */,
				A1C6EA481EAE295E0080EF33 /* Main.storyboard in Resources */,
			);
			runOnlyForDeploymentPostprocessing = 0;
		};
		A1C6EA511EAE295E0080EF33 /* Resources */ = {
			isa = PBXResourcesBuildPhase;
			buildActionMask = 2147483647;
			files = (
			);
			runOnlyForDeploymentPostprocessing = 0;
		};
		A1C6EA5C1EAE295E0080EF33 /* Resources */ = {
			isa = PBXResourcesBuildPhase;
			buildActionMask = 2147483647;
			files = (
			);
			runOnlyForDeploymentPostprocessing = 0;
		};
/* End PBXResourcesBuildPhase section */

/* Begin PBXSourcesBuildPhase section */
		A1C6EA361EAE295E0080EF33 /* Sources */ = {
			isa = PBXSourcesBuildPhase;
			buildActionMask = 2147483647;
			files = (
				A1C6EA451EAE295E0080EF33 /* ViewController.m in Sources */,
				A1C6EA421EAE295E0080EF33 /* AppDelegate.m in Sources */,
				A1C6EA3F1EAE295E0080EF33 /* main.m in Sources */,
			);
			runOnlyForDeploymentPostprocessing = 0;
		};
		A1C6EA4F1EAE295E0080EF33 /* Sources */ = {
			isa = PBXSourcesBuildPhase;
			buildActionMask = 2147483647;
			files = (
				A1C6EA581EAE295E0080EF33 /* SQGL_custom_textureDemoTests.m in Sources */,
			);
			runOnlyForDeploymentPostprocessing = 0;
		};
		A1C6EA5A1EAE295E0080EF33 /* Sources */ = {
			isa = PBXSourcesBuildPhase;
			buildActionMask = 2147483647;
			files = (
				A1C6EA631EAE295E0080EF33 /* SQGL_custom_textureDemoUITests.m in Sources */,
			);
			runOnlyForDeploymentPostprocessing = 0;
		};
/* End PBXSourcesBuildPhase section */

/* Begin PBXTargetDependency section */
		A1C6EA551EAE295E0080EF33 /* PBXTargetDependency */ = {
			isa = PBXTargetDependency;
			target = A1C6EA391EAE295E0080EF33 /* SQGL_custom_textureDemo */;
			targetProxy = A1C6EA541EAE295E0080EF33 /* PBXContainerItemProxy */;
		};
		A1C6EA601EAE295E0080EF33 /* PBXTargetDependency */ = {
			isa = PBXTargetDependency;
			target = A1C6EA391EAE295E0080EF33 /* SQGL_custom_textureDemo */;
			targetProxy = A1C6EA5F1EAE295E0080EF33 /* PBXContainerItemProxy */;
		};
/* End PBXTargetDependency section */

/* Begin PBXVariantGroup section */
		A1C6EA461EAE295E0080EF33 /* Main.storyboard */ = {
			isa = PBXVariantGroup;
			children = (
				A1C6EA471EAE295E0080EF33 /* Base */,
			);
			name = Main.storyboard;
			sourceTree = "<group>";
		};
		A1C6EA4B1EAE295E0080EF33 /* LaunchScreen.storyboard */ = {
			isa = PBXVariantGroup;
			children = (
				A1C6EA4C1EAE295E0080EF33 /* Base */,
			);
			name = LaunchScreen.storyboard;
			sourceTree = "<group>";
		};
/* End PBXVariantGroup section */

/* Begin XCBuildConfiguration section */
		A1C6EA651EAE295E0080EF33 /* Debug */ = {
			isa = XCBuildConfiguration;
			buildSettings = {
				ALWAYS_SEARCH_USER_PATHS = NO;
				CLANG_ANALYZER_NONNULL = YES;
				CLANG_ANALYZER_NUMBER_OBJECT_CONVERSION = YES_AGGRESSIVE;
				CLANG_CXX_LANGUAGE_STANDARD = "gnu++0x";
				CLANG_CXX_LIBRARY = "libc++";
				CLANG_ENABLE_MODULES = YES;
				CLANG_ENABLE_OBJC_ARC = YES;
				CLANG_WARN_BOOL_CONVERSION = YES;
				CLANG_WARN_CONSTANT_CONVERSION = YES;
				CLANG_WARN_DIRECT_OBJC_ISA_USAGE = YES_ERROR;
				CLANG_WARN_DOCUMENTATION_COMMENTS = YES;
				CLANG_WARN_EMPTY_BODY = YES;
				CLANG_WARN_ENUM_CONVERSION = YES;
				CLANG_WARN_INFINITE_RECURSION = YES;
				CLANG_WARN_INT_CONVERSION = YES;
				CLANG_WARN_OBJC_ROOT_CLASS = YES_ERROR;
				CLANG_WARN_SUSPICIOUS_MOVE = YES;
				CLANG_WARN_UNREACHABLE_CODE = YES;
				CLANG_WARN__DUPLICATE_METHOD_MATCH = YES;
				"CODE_SIGN_IDENTITY[sdk=iphoneos*]" = "iPhone Developer";
				COPY_PHASE_STRIP = NO;
				DEBUG_INFORMATION_FORMAT = dwarf;
				ENABLE_STRICT_OBJC_MSGSEND = YES;
				ENABLE_TESTABILITY = YES;
				GCC_C_LANGUAGE_STANDARD = gnu99;
				GCC_DYNAMIC_NO_PIC = NO;
				GCC_NO_COMMON_BLOCKS = YES;
				GCC_OPTIMIZATION_LEVEL = 0;
				GCC_PREPROCESSOR_DEFINITIONS = (
					"DEBUG=1",
					"$(inherited)",
				);
				GCC_WARN_64_TO_32_BIT_CONVERSION = YES;
				GCC_WARN_ABOUT_RETURN_TYPE = YES_ERROR;
				GCC_WARN_UNDECLARED_SELECTOR = YES;
				GCC_WARN_UNINITIALIZED_AUTOS = YES_AGGRESSIVE;
				GCC_WARN_UNUSED_FUNCTION = YES;
				GCC_WARN_UNUSED_VARIABLE = YES;
				IPHONEOS_DEPLOYMENT_TARGET = 10.3;
				MTL_ENABLE_DEBUG_INFO = YES;
				ONLY_ACTIVE_ARCH = YES;
				SDKROOT = iphoneos;
				TARGETED_DEVICE_FAMILY = "1,2";
			};
			name = Debug;
		};
		A1C6EA661EAE295E0080EF33 /* Release */ = {
			isa = XCBuildConfiguration;
			buildSettings = {
				ALWAYS_SEARCH_USER_PATHS = NO;
				CLANG_ANALYZER_NONNULL = YES;
				CLANG_ANALYZER_NUMBER_OBJECT_CONVERSION = YES_AGGRESSIVE;
				CLANG_CXX_LANGUAGE_STANDARD = "gnu++0x";
				CLANG_CXX_LIBRARY = "libc++";
				CLANG_ENABLE_MODULES = YES;
				CLANG_ENABLE_OBJC_ARC = YES;
				CLANG_WARN_BOOL_CONVERSION = YES;
				CLANG_WARN_CONSTANT_CONVERSION = YES;
				CLANG_WARN_DIRECT_OBJC_ISA_USAGE = YES_ERROR;
				CLANG_WARN_DOCUMENTATION_COMMENTS = YES;
				CLANG_WARN_EMPTY_BODY = YES;
				CLANG_WARN_ENUM_CONVERSION = YES;
				CLANG_WARN_INFINITE_RECURSION = YES;
				CLANG_WARN_INT_CONVERSION = YES;
				CLANG_WARN_OBJC_ROOT_CLASS = YES_ERROR;
				CLANG_WARN_SUSPICIOUS_MOVE = YES;
				CLANG_WARN_UNREACHABLE_CODE = YES;
				CLANG_WARN__DUPLICATE_METHOD_MATCH = YES;
				"CODE_SIGN_IDENTITY[sdk=iphoneos*]" = "iPhone Developer";
				COPY_PHASE_STRIP = NO;
				DEBUG_INFORMATION_FORMAT = "dwarf-with-dsym";
				ENABLE_NS_ASSERTIONS = NO;
				ENABLE_STRICT_OBJC_MSGSEND = YES;
				GCC_C_LANGUAGE_STANDARD = gnu99;
				GCC_NO_COMMON_BLOCKS = YES;
				GCC_WARN_64_TO_32_BIT_CONVERSION = YES;
				GCC_WARN_ABOUT_RETURN_TYPE = YES_ERROR;
				GCC_WARN_UNDECLARED_SELECTOR = YES;
				GCC_WARN_UNINITIALIZED_AUTOS = YES_AGGRESSIVE;
				GCC_WARN_UNUSED_FUNCTION = YES;
				GCC_WARN_UNUSED_VARIABLE = YES;
				IPHONEOS_DEPLOYMENT_TARGET = 10.3;
				MTL_ENABLE_DEBUG_INFO = NO;
				SDKROOT = iphoneos;
				TARGETED_DEVICE_FAMILY = "1,2";
				VALIDATE_PRODUCT = YES;
			};
			name = Release;
		};
		A1C6EA681EAE295E0080EF33 /* Debug */ = {
			isa = XCBuildConfiguration;
			buildSettings = {
				ASSETCATALOG_COMPILER_APPICON_NAME = AppIcon;
				INFOPLIST_FILE = SQGL_custom_textureDemo/Info.plist;
				LD_RUNPATH_SEARCH_PATHS = "$(inherited) @executable_path/Frameworks";
				PRODUCT_BUNDLE_IDENTIFIER = "com.qbshen.SQGL-custom-textureDemo";
				PRODUCT_NAME = "$(TARGET_NAME)";
			};
			name = Debug;
		};
		A1C6EA691EAE295E0080EF33 /* Release */ = {
			isa = XCBuildConfiguration;
			buildSettings = {
				ASSETCATALOG_COMPILER_APPICON_NAME = AppIcon;
				INFOPLIST_FILE = SQGL_custom_textureDemo/Info.plist;
				LD_RUNPATH_SEARCH_PATHS = "$(inherited) @executable_path/Frameworks";
				PRODUCT_BUNDLE_IDENTIFIER = "com.qbshen.SQGL-custom-textureDemo";
				PRODUCT_NAME = "$(TARGET_NAME)";
			};
			name = Release;
		};
		A1C6EA6B1EAE295E0080EF33 /* Debug */ = {
			isa = XCBuildConfiguration;
			buildSettings = {
				BUNDLE_LOADER = "$(TEST_HOST)";
				INFOPLIST_FILE = SQGL_custom_textureDemoTests/Info.plist;
				LD_RUNPATH_SEARCH_PATHS = "$(inherited) @executable_path/Frameworks @loader_path/Frameworks";
				PRODUCT_BUNDLE_IDENTIFIER = "com.qbshen.SQGL-custom-textureDemoTests";
				PRODUCT_NAME = "$(TARGET_NAME)";
				TEST_HOST = "$(BUILT_PRODUCTS_DIR)/SQGL_custom_textureDemo.app/SQGL_custom_textureDemo";
			};
			name = Debug;
		};
		A1C6EA6C1EAE295E0080EF33 /* Release */ = {
			isa = XCBuildConfiguration;
			buildSettings = {
				BUNDLE_LOADER = "$(TEST_HOST)";
				INFOPLIST_FILE = SQGL_custom_textureDemoTests/Info.plist;
				LD_RUNPATH_SEARCH_PATHS = "$(inherited) @executable_path/Frameworks @loader_path/Frameworks";
				PRODUCT_BUNDLE_IDENTIFIER = "com.qbshen.SQGL-custom-textureDemoTests";
				PRODUCT_NAME = "$(TARGET_NAME)";
				TEST_HOST = "$(BUILT_PRODUCTS_DIR)/SQGL_custom_textureDemo.app/SQGL_custom_textureDemo";
			};
			name = Release;
		};
		A1C6EA6E1EAE295E0080EF33 /* Debug */ = {
			isa = XCBuildConfiguration;
			buildSettings = {
				INFOPLIST_FILE = SQGL_custom_textureDemoUITests/Info.plist;
				LD_RUNPATH_SEARCH_PATHS = "$(inherited) @executable_path/Frameworks @loader_path/Frameworks";
				PRODUCT_BUNDLE_IDENTIFIER = "com.qbshen.SQGL-custom-textureDemoUITests";
				PRODUCT_NAME = "$(TARGET_NAME)";
				TEST_TARGET_NAME = SQGL_custom_textureDemo;
			};
			name = Debug;
		};
		A1C6EA6F1EAE295E0080EF33 /* Release */ = {
			isa = XCBuildConfiguration;
			buildSettings = {
				INFOPLIST_FILE = SQGL_custom_textureDemoUITests/Info.plist;
				LD_RUNPATH_SEARCH_PATHS = "$(inherited) @executable_path/Frameworks @loader_path/Frameworks";
				PRODUCT_BUNDLE_IDENTIFIER = "com.qbshen.SQGL-custom-textureDemoUITests";
				PRODUCT_NAME = "$(TARGET_NAME)";
				TEST_TARGET_NAME = SQGL_custom_textureDemo;
			};
			name = Release;
		};
/* End XCBuildConfiguration section */

/* Begin XCConfigurationList section */
		A1C6EA351EAE295E0080EF33 /* Build configuration list for PBXProject "SQGL_custom_textureDemo" */ = {
			isa = XCConfigurationList;
			buildConfigurations = (
				A1C6EA651EAE295E0080EF33 /* Debug */,
				A1C6EA661EAE295E0080EF33 /* Release */,
			);
			defaultConfigurationIsVisible = 0;
			defaultConfigurationName = Release;
		};
		A1C6EA671EAE295E0080EF33 /* Build configuration list for PBXNativeTarget "SQGL_custom_textureDemo" */ = {
			isa = XCConfigurationList;
			buildConfigurations = (
				A1C6EA681EAE295E0080EF33 /* Debug */,
				A1C6EA691EAE295E0080EF33 /* Release */,
			);
			defaultConfigurationIsVisible = 0;
		};
		A1C6EA6A1EAE295E0080EF33 /* Build configuration list for PBXNativeTarget "SQGL_custom_textureDemoTests" */ = {
			isa = XCConfigurationList;
			buildConfigurations = (
				A1C6EA6B1EAE295E0080EF33 /* Debug */,
				A1C6EA6C1EAE295E0080EF33 /* Release */,
			);
			defaultConfigurationIsVisible = 0;
		};
		A1C6EA6D1EAE295E0080EF33 /* Build configuration list for PBXNativeTarget "SQGL_custom_textureDemoUITests" */ = {
			isa = XCConfigurationList;
			buildConfigurations = (
				A1C6EA6E1EAE295E0080EF33 /* Debug */,
				A1C6EA6F1EAE295E0080EF33 /* Release */,
			);
			defaultConfigurationIsVisible = 0;
		};
/* End XCConfigurationList section */
	};
	rootObject = A1C6EA321EAE295E0080EF33 /* Project object */;
}
